
Microsoft Visual Studio Solution File, Format Version 12.00
# Visual Studio Version 17
VisualStudioVersion = 17.1.32210.238
MinimumVisualStudioVersion = 10.0.40219.1
Project("{FAE04EC0-301F-11D3-BF4B-00C04F79EFBC}") = "lab7.Server", "Server\lab7.Server.csproj", "{14A7A895-C3B9-4B1E-9BB2-D0E6866309F8}"
EndProject
Project("{FAE04EC0-301F-11D3-BF4B-00C04F79EFBC}") = "lab7.Client", "Client\lab7.Client.csproj", "{6BFFB8DD-05AA-46CD-AD37-440D4AC4D028}"
EndProject
Project("{FAE04EC0-301F-11D3-BF4B-00C04F79EFBC}") = "lab7.Shared", "Shared\lab7.Shared.csproj", "{92923B7A-4ED3-4985-9183-8286DD779D95}"
EndProject
Global
	GlobalSection(SolutionConfigurationPlatforms) = preSolution
		Debug|Any CPU = Debug|Any CPU
		Release|Any CPU = Release|Any CPU
	EndGlobalSection
	GlobalSection(ProjectConfigurationPlatforms) = postSolution
		{14A7A895-C3B9-4B1E-9BB2-D0E6866309F8}.Debug|Any CPU.ActiveCfg = Debug|Any CPU
		{14A7A895-C3B9-4B1E-9BB2-D0E6866309F8}.Debug|Any CPU.Build.0 = Debug|Any CPU
		{14A7A895-C3B9-4B1E-9BB2-D0E6866309F8}.Release|Any CPU.ActiveCfg = Release|Any CPU
		{14A7A895-C3B9-4B1E-9BB2-D0E6866309F8}.Release|Any CPU.Build.0 = Release|Any CPU
		{6BFFB8DD-05AA-46CD-AD37-440D4AC4D028}.Debug|Any CPU.ActiveCfg = Debug|Any CPU
		{6BFFB8DD-05AA-46CD-AD37-440D4AC4D028}.Debug|Any CPU.Build.0 = Debug|Any CPU
		{6BFFB8DD-05AA-46CD-AD37-440D4AC4D028}.Release|Any CPU.ActiveCfg = Release|Any CPU
		{6BFFB8DD-05AA-46CD-AD37-440D4AC4D028}.Release|Any CPU.Build.0 = Release|Any CPU
		{92923B7A-4ED3-4985-9183-8286DD779D95}.Debug|Any CPU.ActiveCfg = Debug|Any CPU
		{92923B7A-4ED3-4985-9183-8286DD779D95}.Debug|Any CPU.Build.0 = Debug|Any CPU
		{92923B7A-4ED3-4985-9183-8286DD779D95}.Release|Any CPU.ActiveCfg = Release|Any CPU
		{92923B7A-4ED3-4985-9183-8286DD779D95}.Release|Any CPU.Build.0 = Release|Any CPU
	EndGlobalSection
	GlobalSection(SolutionProperties) = preSolution
		HideSolutionNode = FALSE
	EndGlobalSection
	GlobalSection(ExtensibilityGlobals) = postSolution
		SolutionGuid = {BE4DD192-8B7F-4B50-82F5-02001E0EA567}
	EndGlobalSection
EndGlobal
